
Microsoft Visual Studio Solution File, Format Version 12.00
# Visual Studio Version 16
VisualStudioVersion = 16.0.31402.337
MinimumVisualStudioVersion = 10.0.40219.1
Project("{FAE04EC0-301F-11D3-BF4B-00C04F79EFBC}") = "enum-hw", "enum-hw\enum-hw.csproj", "{EF62D3BF-2D7F-4DD2-9F96-43628750649A}"
EndProject
Global
	GlobalSection(SolutionConfigurationPlatforms) = preSolution
		Debug|Any CPU = Debug|Any CPU
		Release|Any CPU = Release|Any CPU
	EndGlobalSection
	GlobalSection(ProjectConfigurationPlatforms) = postSolution
		{EF62D3BF-2D7F-4DD2-9F96-43628750649A}.Debug|Any CPU.ActiveCfg = Debug|Any CPU
		{EF62D3BF-2D7F-4DD2-9F96-43628750649A}.Debug|Any CPU.Build.0 = Debug|Any CPU
		{EF62D3BF-2D7F-4DD2-9F96-43628750649A}.Release|Any CPU.ActiveCfg = Release|Any CPU
		{EF62D3BF-2D7F-4DD2-9F96-43628750649A}.Release|Any CPU.Build.0 = Release|Any CPU
	EndGlobalSection
	GlobalSection(SolutionProperties) = preSolution
		HideSolutionNode = FALSE
	EndGlobalSection
	GlobalSection(ExtensibilityGlobals) = postSolution
		SolutionGuid = {16D3443C-8A79-4461-B6EE-EC4F53B67B5C}
	EndGlobalSection
EndGlobal
